
Microsoft Visual Studio Solution File, Format Version 12.00
# Visual Studio Version 17
VisualStudioVersion = 17.8.34525.116
MinimumVisualStudioVersion = 10.0.40219.1
Project("{9A19103F-16F7-4668-BE54-9A1E7A4F7556}") = "CreepyTownNPCsMod", "CreepyTownNPCsMod.csproj", "{86C2F0DA-E2FA-4464-A4FA-1849F0FABBEB}"
EndProject
Global
	GlobalSection(SolutionConfigurationPlatforms) = preSolution
		Debug|Any CPU = Debug|Any CPU
		Release|Any CPU = Release|Any CPU
	EndGlobalSection
	GlobalSection(ProjectConfigurationPlatforms) = postSolution
		{86C2F0DA-E2FA-4464-A4FA-1849F0FABBEB}.Debug|Any CPU.ActiveCfg = Debug|Any CPU
		{86C2F0DA-E2FA-4464-A4FA-1849F0FABBEB}.Debug|Any CPU.Build.0 = Debug|Any CPU
		{86C2F0DA-E2FA-4464-A4FA-1849F0FABBEB}.Release|Any CPU.ActiveCfg = Release|Any CPU
		{86C2F0DA-E2FA-4464-A4FA-1849F0FABBEB}.Release|Any CPU.Build.0 = Release|Any CPU
	EndGlobalSection
	GlobalSection(SolutionProperties) = preSolution
		HideSolutionNode = FALSE
	EndGlobalSection
	GlobalSection(ExtensibilityGlobals) = postSolution
		SolutionGuid = {83662698-5145-4067-8065-213768B8913F}
	EndGlobalSection
EndGlobal
